
Microsoft Visual Studio Solution File, Format Version 12.00
# Visual Studio 15
VisualStudioVersion = 15.0.26730.16
MinimumVisualStudioVersion = 10.0.40219.1
Project("{FAE04EC0-301F-11D3-BF4B-00C04F79EFBC}") = "Optimum G Internship Test - 1", "Coding Attempt with GUI\Optimum G Internship Test - 1.csproj", "{2E8B5618-D13E-49EC-8D05-819A975FD233}"
EndProject
Project("{54435603-DBB4-11D2-8724-00A0C9A8B90C}") = "Setup", "..\..\Setup\Setup.vdproj", "{448B8FEB-0DD0-42C7-9C47-6BDFADA0A79F}"
EndProject
Global
	GlobalSection(SolutionConfigurationPlatforms) = preSolution
		Debug|Any CPU = Debug|Any CPU
		Debug|Mixed Platforms = Debug|Mixed Platforms
		Debug|x64 = Debug|x64
		Debug|x86 = Debug|x86
		Release|Any CPU = Release|Any CPU
		Release|Mixed Platforms = Release|Mixed Platforms
		Release|x64 = Release|x64
		Release|x86 = Release|x86
	EndGlobalSection
	GlobalSection(ProjectConfigurationPlatforms) = postSolution
		{2E8B5618-D13E-49EC-8D05-819A975FD233}.Debug|Any CPU.ActiveCfg = Debug|x86
		{2E8B5618-D13E-49EC-8D05-819A975FD233}.Debug|Mixed Platforms.ActiveCfg = Debug|x86
		{2E8B5618-D13E-49EC-8D05-819A975FD233}.Debug|Mixed Platforms.Build.0 = Debug|x86
		{2E8B5618-D13E-49EC-8D05-819A975FD233}.Debug|x64.ActiveCfg = Debug|x64
		{2E8B5618-D13E-49EC-8D05-819A975FD233}.Debug|x64.Build.0 = Debug|x64
		{2E8B5618-D13E-49EC-8D05-819A975FD233}.Debug|x86.ActiveCfg = Release|x86
		{2E8B5618-D13E-49EC-8D05-819A975FD233}.Debug|x86.Build.0 = Release|x86
		{2E8B5618-D13E-49EC-8D05-819A975FD233}.Release|Any CPU.ActiveCfg = Release|x86
		{2E8B5618-D13E-49EC-8D05-819A975FD233}.Release|Mixed Platforms.ActiveCfg = Release|x86
		{2E8B5618-D13E-49EC-8D05-819A975FD233}.Release|Mixed Platforms.Build.0 = Release|x86
		{2E8B5618-D13E-49EC-8D05-819A975FD233}.Release|x64.ActiveCfg = Release|x64
		{2E8B5618-D13E-49EC-8D05-819A975FD233}.Release|x64.Build.0 = Release|x64
		{2E8B5618-D13E-49EC-8D05-819A975FD233}.Release|x86.ActiveCfg = Release|x86
		{2E8B5618-D13E-49EC-8D05-819A975FD233}.Release|x86.Build.0 = Release|x86
		{448B8FEB-0DD0-42C7-9C47-6BDFADA0A79F}.Debug|Any CPU.ActiveCfg = Debug
		{448B8FEB-0DD0-42C7-9C47-6BDFADA0A79F}.Debug|Mixed Platforms.ActiveCfg = Debug
		{448B8FEB-0DD0-42C7-9C47-6BDFADA0A79F}.Debug|x64.ActiveCfg = Debug
		{448B8FEB-0DD0-42C7-9C47-6BDFADA0A79F}.Debug|x86.ActiveCfg = Release
		{448B8FEB-0DD0-42C7-9C47-6BDFADA0A79F}.Release|Any CPU.ActiveCfg = Release
		{448B8FEB-0DD0-42C7-9C47-6BDFADA0A79F}.Release|Mixed Platforms.ActiveCfg = Release
		{448B8FEB-0DD0-42C7-9C47-6BDFADA0A79F}.Release|x64.ActiveCfg = Release
		{448B8FEB-0DD0-42C7-9C47-6BDFADA0A79F}.Release|x64.Build.0 = Release
		{448B8FEB-0DD0-42C7-9C47-6BDFADA0A79F}.Release|x86.ActiveCfg = Release
	EndGlobalSection
	GlobalSection(SolutionProperties) = preSolution
		HideSolutionNode = FALSE
	EndGlobalSection
	GlobalSection(ExtensibilityGlobals) = postSolution
		SolutionGuid = {F47F8D9D-2045-4559-8B66-0F34AF26205B}
	EndGlobalSection
EndGlobal
